{
  "nodes": {
    "nixpkgs": {
      "locked": {
        "lastModified": 1732824227,
        "narHash": "sha256-fYNXgpu1AEeLyd3fQt4Ym0tcVP7cdJ8wRoqJ+CtTRyY=",
        "owner": "NixOS",
        "repo": "nixpkgs",
        "rev": "c71ad5c34d51dcbda4c15f44ea4e4aa6bb6ac1e9",
        "type": "github"
      },
      "original": {
        "owner": "NixOS",
        "ref": "nixos-24.11",
        "repo": "nixpkgs",
        "type": "github"
      }
    },
    "root": {
      "inputs": {
        "nixpkgs": "nixpkgs",
        "selfup": "selfup"
      }
    },
    "selfup": {
      "inputs": {
        "nixpkgs": [
          "nixpkgs"
        ]
      },
      "locked": {
        "lastModified": 1732585313,
        "narHash": "sha256-V8XQ65K8zdIfwync6wrJ9h47YqdPi91jfH9tNgDQiWI=",
        "owner": "kachick",
        "repo": "selfup",
        "rev": "6955f98516ff63b945b445ecaeb3b5a4849be4cc",
        "type": "github"
      },
      "original": {
        "owner": "kachick",
        "ref": "v1.1.7",
        "repo": "selfup",
        "type": "github"
      }
    }
  },
  "root": "root",
  "version": 7
}
